{
  "name": "noduos-core-platform-programacao-inicial",
  "version": "0.1.0",
  "lockfileVersion": 3,
  "requires": true,
  "packages": {
    "": {
      "name": "noduos-core-platform-programacao-inicial",
      "version": "0.1.0",
      "license": "UNLICENSED",
      "workspaces": [
        "apps/*",
        "packages/*",
        "modules/*"
      ],
      "devDependencies": {
        "typescript": "^5.0.0"
      },
      "engines": {
        "node": ">=20"
      }
    },
    "apps/api": {
      "name": "@noduos/app-api",
      "version": "0.1.0"
    },
    "modules/core-platform": {
      "name": "@noduos/core-platform",
      "version": "0.1.0"
    },
    "node_modules/@noduos/app-api": {
      "resolved": "apps/api",
      "link": true
    },
    "node_modules/@noduos/audit-client": {
      "resolved": "packages/audit-client",
      "link": true
    },
    "node_modules/@noduos/authorization-client": {
      "resolved": "packages/authorization-client",
      "link": true
    },
    "node_modules/@noduos/contracts": {
      "resolved": "packages/contracts",
      "link": true
    },
    "node_modules/@noduos/core-platform": {
      "resolved": "modules/core-platform",
      "link": true
    },
    "node_modules/@noduos/correlation": {
      "resolved": "packages/correlation",
      "link": true
    },
    "node_modules/@noduos/event-envelope": {
      "resolved": "packages/event-envelope",
      "link": true
    },
    "node_modules/@noduos/evidence-reference": {
      "resolved": "packages/evidence-reference",
      "link": true
    },
    "node_modules/@noduos/idempotency": {
      "resolved": "packages/idempotency",
      "link": true
    },
    "node_modules/@noduos/observability": {
      "resolved": "packages/observability",
      "link": true
    },
    "node_modules/@noduos/resource-reference": {
      "resolved": "packages/resource-reference",
      "link": true
    },
    "node_modules/@noduos/secret-reference": {
      "resolved": "packages/secret-reference",
      "link": true
    },
    "node_modules/@noduos/tenant-context": {
      "resolved": "packages/tenant-context",
      "link": true
    },
    "node_modules/@noduos/test-kit": {
      "resolved": "packages/test-kit",
      "link": true
    },
    "node_modules/typescript": {
      "version": "5.9.3",
      "resolved": "https://registry.npmjs.org/typescript/-/typescript-5.9.3.tgz",
      "integrity": "sha512-jl1vZzPDinLr9eUt3J/t7V6FgNEw9QjvBPdysz9KfQDD41fQrC2Y4vKQdiaUpFT4bXlb1RHhLpp8wtm6M5TgSw==",
      "dev": true,
      "license": "Apache-2.0",
      "bin": {
        "tsc": "bin/tsc",
        "tsserver": "bin/tsserver"
      },
      "engines": {
        "node": ">=14.17"
      }
    },
    "packages/audit-client": {
      "name": "@noduos/audit-client",
      "version": "0.1.0"
    },
    "packages/authorization-client": {
      "name": "@noduos/authorization-client",
      "version": "0.1.0"
    },
    "packages/contracts": {
      "name": "@noduos/contracts",
      "version": "0.1.0"
    },
    "packages/correlation": {
      "name": "@noduos/correlation",
      "version": "0.1.0"
    },
    "packages/event-envelope": {
      "name": "@noduos/event-envelope",
      "version": "0.1.0"
    },
    "packages/evidence-reference": {
      "name": "@noduos/evidence-reference",
      "version": "0.1.0"
    },
    "packages/idempotency": {
      "name": "@noduos/idempotency",
      "version": "0.1.0"
    },
    "packages/observability": {
      "name": "@noduos/observability",
      "version": "0.1.0"
    },
    "packages/resource-reference": {
      "name": "@noduos/resource-reference",
      "version": "0.1.0"
    },
    "packages/secret-reference": {
      "name": "@noduos/secret-reference",
      "version": "0.1.0"
    },
    "packages/tenant-context": {
      "name": "@noduos/tenant-context",
      "version": "0.1.0"
    },
    "packages/test-kit": {
      "name": "@noduos/test-kit",
      "version": "0.1.0"
    }
  }
}
